{
  "name": "npm-install-with-only",
  "version": "1.0.0",
  "lockfileVersion": 1,
  "requires": true,
  "dependencies": {
    "find-npm-prefix": {
      "version": "1.0.2",
      "resolved": "https://registry.npmjs.org/find-npm-prefix/-/find-npm-prefix-1.0.2.tgz",
      "integrity": "sha512-KEftzJ+H90x6pcKtdXZEPsQse8/y/UnvzRKrOSQFprnrGaFuJ62fVkP34Iu2IYuMvyauCyoLTNkJZgrrGA2wkA=="
    },
    "qw": {
      "version": "1.0.1",
      "resolved": "https://registry.npmjs.org/qw/-/qw-1.0.1.tgz",
      "integrity": "sha1-77/cdA+a0FQwRCassYNBLMi5ltQ="
    }
  }
}
